
Microsoft Visual Studio Solution File, Format Version 12.00
# Visual Studio Version 17
VisualStudioVersion = 17.12.35506.116 d17.12
MinimumVisualStudioVersion = 10.0.40219.1
Project("{FAE04EC0-301F-11D3-BF4B-00C04F79EFBC}") = "ASP-NETCONTROLLER-jOH", "ASP-NETCONTROLLER-jOH\ASP-NETCONTROLLER-jOH.csproj", "{01086858-7F5C-43C8-8645-450468934AE9}"
EndProject
Project("{FAE04EC0-301F-11D3-BF4B-00C04F79EFBC}") = "ASP-NETCONTROLLER-jOH.AppHost", "ASP-NETCONTROLLER-jOH.AppHost\ASP-NETCONTROLLER-jOH.AppHost.csproj", "{C186CC13-FBD4-4851-B59E-F174820AE374}"
EndProject
Project("{FAE04EC0-301F-11D3-BF4B-00C04F79EFBC}") = "ASP-NETCONTROLLER-jOH.ServiceDefaults", "ASP-NETCONTROLLER-jOH.ServiceDefaults\ASP-NETCONTROLLER-jOH.ServiceDefaults.csproj", "{E83A79EC-3516-4D67-9CEB-0013ED9E991D}"
EndProject
Global
	GlobalSection(SolutionConfigurationPlatforms) = preSolution
		Debug|Any CPU = Debug|Any CPU
		Release|Any CPU = Release|Any CPU
	EndGlobalSection
	GlobalSection(ProjectConfigurationPlatforms) = postSolution
		{01086858-7F5C-43C8-8645-450468934AE9}.Debug|Any CPU.ActiveCfg = Debug|Any CPU
		{01086858-7F5C-43C8-8645-450468934AE9}.Debug|Any CPU.Build.0 = Debug|Any CPU
		{01086858-7F5C-43C8-8645-450468934AE9}.Release|Any CPU.ActiveCfg = Release|Any CPU
		{01086858-7F5C-43C8-8645-450468934AE9}.Release|Any CPU.Build.0 = Release|Any CPU
		{C186CC13-FBD4-4851-B59E-F174820AE374}.Debug|Any CPU.ActiveCfg = Debug|Any CPU
		{C186CC13-FBD4-4851-B59E-F174820AE374}.Debug|Any CPU.Build.0 = Debug|Any CPU
		{C186CC13-FBD4-4851-B59E-F174820AE374}.Release|Any CPU.ActiveCfg = Release|Any CPU
		{C186CC13-FBD4-4851-B59E-F174820AE374}.Release|Any CPU.Build.0 = Release|Any CPU
		{E83A79EC-3516-4D67-9CEB-0013ED9E991D}.Debug|Any CPU.ActiveCfg = Debug|Any CPU
		{E83A79EC-3516-4D67-9CEB-0013ED9E991D}.Debug|Any CPU.Build.0 = Debug|Any CPU
		{E83A79EC-3516-4D67-9CEB-0013ED9E991D}.Release|Any CPU.ActiveCfg = Release|Any CPU
		{E83A79EC-3516-4D67-9CEB-0013ED9E991D}.Release|Any CPU.Build.0 = Release|Any CPU
	EndGlobalSection
	GlobalSection(SolutionProperties) = preSolution
		HideSolutionNode = FALSE
	EndGlobalSection
EndGlobal
